PODS:
  - Flutter (1.0.0)
  - quick_actions_ios (0.0.1):
    - Flutter

DEPENDENCIES:
  - Flutter (from `Flutter`)
  - quick_actions_ios (from `.symlinks/plugins/quick_actions_ios/ios`)

EXTERNAL SOURCES:
  Flutter:
    :path: Flutter
  quick_actions_ios:
    :path: ".symlinks/plugins/quick_actions_ios/ios"

SPEC CHECKSUMS:
  Flutter: e0871f40cf51350855a761d2e70bf5af5b9b5de7
  quick_actions_ios: d24571db7345d2e48d094db8d077a015a568002d

PODFILE CHECKSUM: 819463e6a0290f5a72f145ba7cde16e8b6ef0796

COCOAPODS: 1.15.2
